
Microsoft Visual Studio Solution File, Format Version 12.00
# Visual Studio Version 16
VisualStudioVersion = 16.0.31004.235
MinimumVisualStudioVersion = 10.0.40219.1
Project("{9A19103F-16F7-4668-BE54-9A1E7A4F7556}") = "Platformex", "src\Platformex\Platformex.csproj", "{53C02618-97D4-4149-8B2F-B0380ABC07FD}"
EndProject
Project("{9A19103F-16F7-4668-BE54-9A1E7A4F7556}") = "Platformex.Infrastructure", "src\Platformex.Infrastructure\Platformex.Infrastructure.csproj", "{C106A93E-5D95-4D60-8285-BA8B4DD57567}"
EndProject
Project("{9A19103F-16F7-4668-BE54-9A1E7A4F7556}") = "Platformex.Domain", "src\Platformex.Domain\Platformex.Domain.csproj", "{AE6527A5-8E5A-4D41-A08E-2F1F2E7E51C6}"
EndProject
Project("{9A19103F-16F7-4668-BE54-9A1E7A4F7556}") = "Platformex.Application", "src\Platformex.Application\Platformex.Application.csproj", "{03D406F8-541A-4E17-B36D-61C56B31509A}"
EndProject
Project("{9A19103F-16F7-4668-BE54-9A1E7A4F7556}") = "Platformex.Web", "src\Platformex.Web\Platformex.Web.csproj", "{6B8305EB-45E4-4BBE-80FE-9905308163E9}"
EndProject
Project("{2150E333-8FDC-42A3-9474-1A3956D46DE8}") = "Proto", "Proto", "{2E10B10A-6BCC-4D6F-BB04-EE9BD6C101F0}"
EndProject
Project("{9A19103F-16F7-4668-BE54-9A1E7A4F7556}") = "Siam.MemoContext", "src\Siam.MemoContext\Siam.MemoContext.csproj", "{E1757108-5DD6-4EAF-9B32-0677F9D5CCED}"
EndProject
Project("{9A19103F-16F7-4668-BE54-9A1E7A4F7556}") = "Siam.MemoContext.Domain", "src\Siam.MemoContext.Domain\Siam.MemoContext.Domain.csproj", "{1FC8B91F-9A9F-470C-9606-A8C20E02478B}"
EndProject
Project("{9A19103F-16F7-4668-BE54-9A1E7A4F7556}") = "Siam.Application", "src\Siam.Application\Siam.Application.csproj", "{CC8067AC-906D-4B45-91CE-ECD8EA169977}"
EndProject
Project("{2150E333-8FDC-42A3-9474-1A3956D46DE8}") = "MemoContext", "MemoContext", "{5885EAA7-84AA-4FC7-AEB8-AAA0E95810DE}"
EndProject
Project("{9A19103F-16F7-4668-BE54-9A1E7A4F7556}") = "Siam.Host", "src\Siam.Host\Siam.Host.csproj", "{03C3B9D1-795E-4868-BC58-39A1623B8D3F}"
EndProject
Project("{9A19103F-16F7-4668-BE54-9A1E7A4F7556}") = "Siam.Data", "src\Siam.Data\Siam.Data.csproj", "{2BB044BB-5064-487B-B383-E5D90FEC0B25}"
EndProject
Project("{FAE04EC0-301F-11D3-BF4B-00C04F79EFBC}") = "Siam.Tests", "src\Siam.Tests\Siam.Tests.csproj", "{0507A52A-0182-4251-A764-594B19482008}"
EndProject
Project("{FAE04EC0-301F-11D3-BF4B-00C04F79EFBC}") = "Platformex.Tests", "Platformex.Tests\Platformex.Tests.csproj", "{E9B8C916-84EA-4CFB-8D55-76F3CEA1BB91}"
EndProject
Global
	GlobalSection(SolutionConfigurationPlatforms) = preSolution
		Debug|Any CPU = Debug|Any CPU
		Release|Any CPU = Release|Any CPU
	EndGlobalSection
	GlobalSection(ProjectConfigurationPlatforms) = postSolution
		{53C02618-97D4-4149-8B2F-B0380ABC07FD}.Debug|Any CPU.ActiveCfg = Debug|Any CPU
		{53C02618-97D4-4149-8B2F-B0380ABC07FD}.Debug|Any CPU.Build.0 = Debug|Any CPU
		{53C02618-97D4-4149-8B2F-B0380ABC07FD}.Release|Any CPU.ActiveCfg = Release|Any CPU
		{53C02618-97D4-4149-8B2F-B0380ABC07FD}.Release|Any CPU.Build.0 = Release|Any CPU
		{C106A93E-5D95-4D60-8285-BA8B4DD57567}.Debug|Any CPU.ActiveCfg = Debug|Any CPU
		{C106A93E-5D95-4D60-8285-BA8B4DD57567}.Debug|Any CPU.Build.0 = Debug|Any CPU
		{C106A93E-5D95-4D60-8285-BA8B4DD57567}.Release|Any CPU.ActiveCfg = Release|Any CPU
		{C106A93E-5D95-4D60-8285-BA8B4DD57567}.Release|Any CPU.Build.0 = Release|Any CPU
		{AE6527A5-8E5A-4D41-A08E-2F1F2E7E51C6}.Debug|Any CPU.ActiveCfg = Debug|Any CPU
		{AE6527A5-8E5A-4D41-A08E-2F1F2E7E51C6}.Debug|Any CPU.Build.0 = Debug|Any CPU
		{AE6527A5-8E5A-4D41-A08E-2F1F2E7E51C6}.Release|Any CPU.ActiveCfg = Release|Any CPU
		{AE6527A5-8E5A-4D41-A08E-2F1F2E7E51C6}.Release|Any CPU.Build.0 = Release|Any CPU
		{03D406F8-541A-4E17-B36D-61C56B31509A}.Debug|Any CPU.ActiveCfg = Debug|Any CPU
		{03D406F8-541A-4E17-B36D-61C56B31509A}.Debug|Any CPU.Build.0 = Debug|Any CPU
		{03D406F8-541A-4E17-B36D-61C56B31509A}.Release|Any CPU.ActiveCfg = Release|Any CPU
		{03D406F8-541A-4E17-B36D-61C56B31509A}.Release|Any CPU.Build.0 = Release|Any CPU
		{6B8305EB-45E4-4BBE-80FE-9905308163E9}.Debug|Any CPU.ActiveCfg = Debug|Any CPU
		{6B8305EB-45E4-4BBE-80FE-9905308163E9}.Debug|Any CPU.Build.0 = Debug|Any CPU
		{6B8305EB-45E4-4BBE-80FE-9905308163E9}.Release|Any CPU.ActiveCfg = Release|Any CPU
		{6B8305EB-45E4-4BBE-80FE-9905308163E9}.Release|Any CPU.Build.0 = Release|Any CPU
		{E1757108-5DD6-4EAF-9B32-0677F9D5CCED}.Debug|Any CPU.ActiveCfg = Debug|Any CPU
		{E1757108-5DD6-4EAF-9B32-0677F9D5CCED}.Debug|Any CPU.Build.0 = Debug|Any CPU
		{E1757108-5DD6-4EAF-9B32-0677F9D5CCED}.Release|Any CPU.ActiveCfg = Release|Any CPU
		{E1757108-5DD6-4EAF-9B32-0677F9D5CCED}.Release|Any CPU.Build.0 = Release|Any CPU
		{1FC8B91F-9A9F-470C-9606-A8C20E02478B}.Debug|Any CPU.ActiveCfg = Debug|Any CPU
		{1FC8B91F-9A9F-470C-9606-A8C20E02478B}.Debug|Any CPU.Build.0 = Debug|Any CPU
		{1FC8B91F-9A9F-470C-9606-A8C20E02478B}.Release|Any CPU.ActiveCfg = Release|Any CPU
		{1FC8B91F-9A9F-470C-9606-A8C20E02478B}.Release|Any CPU.Build.0 = Release|Any CPU
		{CC8067AC-906D-4B45-91CE-ECD8EA169977}.Debug|Any CPU.ActiveCfg = Debug|Any CPU
		{CC8067AC-906D-4B45-91CE-ECD8EA169977}.Debug|Any CPU.Build.0 = Debug|Any CPU
		{CC8067AC-906D-4B45-91CE-ECD8EA169977}.Release|Any CPU.ActiveCfg = Release|Any CPU
		{CC8067AC-906D-4B45-91CE-ECD8EA169977}.Release|Any CPU.Build.0 = Release|Any CPU
		{03C3B9D1-795E-4868-BC58-39A1623B8D3F}.Debug|Any CPU.ActiveCfg = Debug|Any CPU
		{03C3B9D1-795E-4868-BC58-39A1623B8D3F}.Debug|Any CPU.Build.0 = Debug|Any CPU
		{03C3B9D1-795E-4868-BC58-39A1623B8D3F}.Release|Any CPU.ActiveCfg = Release|Any CPU
		{03C3B9D1-795E-4868-BC58-39A1623B8D3F}.Release|Any CPU.Build.0 = Release|Any CPU
		{2BB044BB-5064-487B-B383-E5D90FEC0B25}.Debug|Any CPU.ActiveCfg = Debug|Any CPU
		{2BB044BB-5064-487B-B383-E5D90FEC0B25}.Debug|Any CPU.Build.0 = Debug|Any CPU
		{2BB044BB-5064-487B-B383-E5D90FEC0B25}.Release|Any CPU.ActiveCfg = Release|Any CPU
		{2BB044BB-5064-487B-B383-E5D90FEC0B25}.Release|Any CPU.Build.0 = Release|Any CPU
		{0507A52A-0182-4251-A764-594B19482008}.Debug|Any CPU.ActiveCfg = Debug|Any CPU
		{0507A52A-0182-4251-A764-594B19482008}.Debug|Any CPU.Build.0 = Debug|Any CPU
		{0507A52A-0182-4251-A764-594B19482008}.Release|Any CPU.ActiveCfg = Release|Any CPU
		{0507A52A-0182-4251-A764-594B19482008}.Release|Any CPU.Build.0 = Release|Any CPU
		{E9B8C916-84EA-4CFB-8D55-76F3CEA1BB91}.Debug|Any CPU.ActiveCfg = Debug|Any CPU
		{E9B8C916-84EA-4CFB-8D55-76F3CEA1BB91}.Debug|Any CPU.Build.0 = Debug|Any CPU
		{E9B8C916-84EA-4CFB-8D55-76F3CEA1BB91}.Release|Any CPU.ActiveCfg = Release|Any CPU
		{E9B8C916-84EA-4CFB-8D55-76F3CEA1BB91}.Release|Any CPU.Build.0 = Release|Any CPU
	EndGlobalSection
	GlobalSection(SolutionProperties) = preSolution
		HideSolutionNode = FALSE
	EndGlobalSection
	GlobalSection(NestedProjects) = preSolution
		{E1757108-5DD6-4EAF-9B32-0677F9D5CCED} = {5885EAA7-84AA-4FC7-AEB8-AAA0E95810DE}
		{1FC8B91F-9A9F-470C-9606-A8C20E02478B} = {5885EAA7-84AA-4FC7-AEB8-AAA0E95810DE}
		{CC8067AC-906D-4B45-91CE-ECD8EA169977} = {2E10B10A-6BCC-4D6F-BB04-EE9BD6C101F0}
		{5885EAA7-84AA-4FC7-AEB8-AAA0E95810DE} = {2E10B10A-6BCC-4D6F-BB04-EE9BD6C101F0}
		{03C3B9D1-795E-4868-BC58-39A1623B8D3F} = {2E10B10A-6BCC-4D6F-BB04-EE9BD6C101F0}
		{2BB044BB-5064-487B-B383-E5D90FEC0B25} = {2E10B10A-6BCC-4D6F-BB04-EE9BD6C101F0}
		{0507A52A-0182-4251-A764-594B19482008} = {2E10B10A-6BCC-4D6F-BB04-EE9BD6C101F0}
	EndGlobalSection
	GlobalSection(ExtensibilityGlobals) = postSolution
		SolutionGuid = {A74ED1D7-E689-411B-9501-70466B920CFB}
	EndGlobalSection
EndGlobal
